
Microsoft Visual Studio Solution File, Format Version 12.00
# Visual Studio Version 17
VisualStudioVersion = 17.2.32602.215
MinimumVisualStudioVersion = 10.0.40219.1
Project("{9A19103F-16F7-4668-BE54-9A1E7A4F7556}") = "CadastroPeopleListV5", "CadastroPeopleListV5\CadastroPeopleListV5.csproj", "{19806785-50A3-4668-A65F-52906565C2CB}"
EndProject
Project("{9A19103F-16F7-4668-BE54-9A1E7A4F7556}") = "Model", "Model\Model.csproj", "{F4AA88C0-91B9-45A6-929A-C155182CABF7}"
EndProject
Project("{9A19103F-16F7-4668-BE54-9A1E7A4F7556}") = "Service", "Service\Service.csproj", "{538CC406-F88A-4750-A2E8-C34ABE3A2902}"
EndProject
Project("{9A19103F-16F7-4668-BE54-9A1E7A4F7556}") = "DataBaseConnection", "DataBaseConnection\DataBaseConnection.csproj", "{A4D75869-D75B-42A0-8ABE-9693C8718757}"
EndProject
Project("{FAE04EC0-301F-11D3-BF4B-00C04F79EFBC}") = "Validation", "Validation\Validation.csproj", "{15B1025F-FD2F-42B8-9507-085F35C61361}"
EndProject
Global
	GlobalSection(SolutionConfigurationPlatforms) = preSolution
		Debug|Any CPU = Debug|Any CPU
		Release|Any CPU = Release|Any CPU
	EndGlobalSection
	GlobalSection(ProjectConfigurationPlatforms) = postSolution
		{19806785-50A3-4668-A65F-52906565C2CB}.Debug|Any CPU.ActiveCfg = Debug|Any CPU
		{19806785-50A3-4668-A65F-52906565C2CB}.Debug|Any CPU.Build.0 = Debug|Any CPU
		{19806785-50A3-4668-A65F-52906565C2CB}.Release|Any CPU.ActiveCfg = Release|Any CPU
		{19806785-50A3-4668-A65F-52906565C2CB}.Release|Any CPU.Build.0 = Release|Any CPU
		{F4AA88C0-91B9-45A6-929A-C155182CABF7}.Debug|Any CPU.ActiveCfg = Debug|Any CPU
		{F4AA88C0-91B9-45A6-929A-C155182CABF7}.Debug|Any CPU.Build.0 = Debug|Any CPU
		{F4AA88C0-91B9-45A6-929A-C155182CABF7}.Release|Any CPU.ActiveCfg = Release|Any CPU
		{F4AA88C0-91B9-45A6-929A-C155182CABF7}.Release|Any CPU.Build.0 = Release|Any CPU
		{538CC406-F88A-4750-A2E8-C34ABE3A2902}.Debug|Any CPU.ActiveCfg = Debug|Any CPU
		{538CC406-F88A-4750-A2E8-C34ABE3A2902}.Debug|Any CPU.Build.0 = Debug|Any CPU
		{538CC406-F88A-4750-A2E8-C34ABE3A2902}.Release|Any CPU.ActiveCfg = Release|Any CPU
		{538CC406-F88A-4750-A2E8-C34ABE3A2902}.Release|Any CPU.Build.0 = Release|Any CPU
		{A4D75869-D75B-42A0-8ABE-9693C8718757}.Debug|Any CPU.ActiveCfg = Debug|Any CPU
		{A4D75869-D75B-42A0-8ABE-9693C8718757}.Debug|Any CPU.Build.0 = Debug|Any CPU
		{A4D75869-D75B-42A0-8ABE-9693C8718757}.Release|Any CPU.ActiveCfg = Release|Any CPU
		{A4D75869-D75B-42A0-8ABE-9693C8718757}.Release|Any CPU.Build.0 = Release|Any CPU
		{15B1025F-FD2F-42B8-9507-085F35C61361}.Debug|Any CPU.ActiveCfg = Debug|Any CPU
		{15B1025F-FD2F-42B8-9507-085F35C61361}.Debug|Any CPU.Build.0 = Debug|Any CPU
		{15B1025F-FD2F-42B8-9507-085F35C61361}.Release|Any CPU.ActiveCfg = Release|Any CPU
		{15B1025F-FD2F-42B8-9507-085F35C61361}.Release|Any CPU.Build.0 = Release|Any CPU
	EndGlobalSection
	GlobalSection(SolutionProperties) = preSolution
		HideSolutionNode = FALSE
	EndGlobalSection
	GlobalSection(ExtensibilityGlobals) = postSolution
		SolutionGuid = {7A0829EF-B281-4B8C-87BF-FB0713DE59CC}
	EndGlobalSection
EndGlobal
